
Microsoft Visual Studio Solution File, Format Version 12.00
# Visual Studio Version 17
VisualStudioVersion = 17.12.35527.113 d17.12
MinimumVisualStudioVersion = 10.0.40219.1
Project("{2150E333-8FDC-42A3-9474-1A3956D46DE8}") = "Src", "Src", "{0C1AF081-E6AF-4641-AC52-7F68B571A9F1}"
EndProject
Project("{2150E333-8FDC-42A3-9474-1A3956D46DE8}") = "Tests", "Tests", "{45C18E64-C2CB-4D45-817D-8ADE366425A0}"
EndProject
Project("{FAE04EC0-301F-11D3-BF4B-00C04F79EFBC}") = "EclipseWorks.Domain", "src\EclipseWorks.Domain\EclipseWorks.Domain.csproj", "{8D65FBC0-18B9-4EC1-80E1-64C6866BDC18}"
EndProject
Project("{FAE04EC0-301F-11D3-BF4B-00C04F79EFBC}") = "EclipseWorks.Infrastructure", "src\EclipseWorks.Infrastructure\EclipseWorks.Infrastructure.csproj", "{EAC05C88-01FF-4DB3-9E85-3E2B6C297130}"
EndProject
Project("{FAE04EC0-301F-11D3-BF4B-00C04F79EFBC}") = "EclipseWorks.Application", "src\EclipseWorks.Application\EclipseWorks.Application.csproj", "{9961A4B9-E965-455D-98ED-D5A515C0299D}"
EndProject
Project("{FAE04EC0-301F-11D3-BF4B-00C04F79EFBC}") = "EclipseWorks.Application.Tests", "tests\EclipseWorks.Application.Tests\EclipseWorks.Application.Tests.csproj", "{A324BFFA-6918-4438-B905-40E12F41152D}"
EndProject
Global
	GlobalSection(SolutionConfigurationPlatforms) = preSolution
		Debug|Any CPU = Debug|Any CPU
		Release|Any CPU = Release|Any CPU
	EndGlobalSection
	GlobalSection(ProjectConfigurationPlatforms) = postSolution
		{8D65FBC0-18B9-4EC1-80E1-64C6866BDC18}.Debug|Any CPU.ActiveCfg = Debug|Any CPU
		{8D65FBC0-18B9-4EC1-80E1-64C6866BDC18}.Debug|Any CPU.Build.0 = Debug|Any CPU
		{8D65FBC0-18B9-4EC1-80E1-64C6866BDC18}.Release|Any CPU.ActiveCfg = Release|Any CPU
		{8D65FBC0-18B9-4EC1-80E1-64C6866BDC18}.Release|Any CPU.Build.0 = Release|Any CPU
		{EAC05C88-01FF-4DB3-9E85-3E2B6C297130}.Debug|Any CPU.ActiveCfg = Debug|Any CPU
		{EAC05C88-01FF-4DB3-9E85-3E2B6C297130}.Debug|Any CPU.Build.0 = Debug|Any CPU
		{EAC05C88-01FF-4DB3-9E85-3E2B6C297130}.Release|Any CPU.ActiveCfg = Release|Any CPU
		{EAC05C88-01FF-4DB3-9E85-3E2B6C297130}.Release|Any CPU.Build.0 = Release|Any CPU
		{9961A4B9-E965-455D-98ED-D5A515C0299D}.Debug|Any CPU.ActiveCfg = Debug|Any CPU
		{9961A4B9-E965-455D-98ED-D5A515C0299D}.Debug|Any CPU.Build.0 = Debug|Any CPU
		{9961A4B9-E965-455D-98ED-D5A515C0299D}.Release|Any CPU.ActiveCfg = Release|Any CPU
		{9961A4B9-E965-455D-98ED-D5A515C0299D}.Release|Any CPU.Build.0 = Release|Any CPU
		{A324BFFA-6918-4438-B905-40E12F41152D}.Debug|Any CPU.ActiveCfg = Debug|Any CPU
		{A324BFFA-6918-4438-B905-40E12F41152D}.Debug|Any CPU.Build.0 = Debug|Any CPU
		{A324BFFA-6918-4438-B905-40E12F41152D}.Release|Any CPU.ActiveCfg = Release|Any CPU
		{A324BFFA-6918-4438-B905-40E12F41152D}.Release|Any CPU.Build.0 = Release|Any CPU
	EndGlobalSection
	GlobalSection(SolutionProperties) = preSolution
		HideSolutionNode = FALSE
	EndGlobalSection
	GlobalSection(NestedProjects) = preSolution
		{8D65FBC0-18B9-4EC1-80E1-64C6866BDC18} = {0C1AF081-E6AF-4641-AC52-7F68B571A9F1}
		{EAC05C88-01FF-4DB3-9E85-3E2B6C297130} = {0C1AF081-E6AF-4641-AC52-7F68B571A9F1}
		{9961A4B9-E965-455D-98ED-D5A515C0299D} = {0C1AF081-E6AF-4641-AC52-7F68B571A9F1}
		{A324BFFA-6918-4438-B905-40E12F41152D} = {45C18E64-C2CB-4D45-817D-8ADE366425A0}
	EndGlobalSection
EndGlobal
